
Microsoft Visual Studio Solution File, Format Version 12.00
# Visual Studio Version 17
VisualStudioVersion = 17.0.31903.59
MinimumVisualStudioVersion = 10.0.40219.1
Project("{9A19103F-16F7-4668-BE54-9A1E7A4F7556}") = "Entities", "Entities\Entities.csproj", "{DCF82E3E-1832-45F2-82AB-C5D1D9862158}"
EndProject
Project("{9A19103F-16F7-4668-BE54-9A1E7A4F7556}") = "Business", "Business\Business.csproj", "{7BBE347C-97EE-430A-AF46-DEC63B74C8E8}"
EndProject
Project("{9A19103F-16F7-4668-BE54-9A1E7A4F7556}") = "DataAccess", "DataAccess\DataAccess.csproj", "{218D59E4-1A9C-4166-97C7-06C02403F13C}"
EndProject
Project("{9A19103F-16F7-4668-BE54-9A1E7A4F7556}") = "ConsoleUI", "ConsoleUI\ConsoleUI.csproj", "{751B50D5-BF07-4A6D-ACE7-D7CD009CBF34}"
EndProject
Project("{9A19103F-16F7-4668-BE54-9A1E7A4F7556}") = "Core", "Core\Core.csproj", "{A8E9766D-8174-4A44-8E3E-44DC0F90CFC7}"
EndProject
Project("{FAE04EC0-301F-11D3-BF4B-00C04F79EFBC}") = "WebAPI", "WebAPI\WebAPI.csproj", "{02D5D7AC-60B2-4AFD-9694-F45F78FB3EE6}"
EndProject
Global
	GlobalSection(SolutionConfigurationPlatforms) = preSolution
		Debug|Any CPU = Debug|Any CPU
		Release|Any CPU = Release|Any CPU
	EndGlobalSection
	GlobalSection(ProjectConfigurationPlatforms) = postSolution
		{DCF82E3E-1832-45F2-82AB-C5D1D9862158}.Debug|Any CPU.ActiveCfg = Debug|Any CPU
		{DCF82E3E-1832-45F2-82AB-C5D1D9862158}.Debug|Any CPU.Build.0 = Debug|Any CPU
		{DCF82E3E-1832-45F2-82AB-C5D1D9862158}.Release|Any CPU.ActiveCfg = Release|Any CPU
		{DCF82E3E-1832-45F2-82AB-C5D1D9862158}.Release|Any CPU.Build.0 = Release|Any CPU
		{7BBE347C-97EE-430A-AF46-DEC63B74C8E8}.Debug|Any CPU.ActiveCfg = Debug|Any CPU
		{7BBE347C-97EE-430A-AF46-DEC63B74C8E8}.Debug|Any CPU.Build.0 = Debug|Any CPU
		{7BBE347C-97EE-430A-AF46-DEC63B74C8E8}.Release|Any CPU.ActiveCfg = Release|Any CPU
		{7BBE347C-97EE-430A-AF46-DEC63B74C8E8}.Release|Any CPU.Build.0 = Release|Any CPU
		{218D59E4-1A9C-4166-97C7-06C02403F13C}.Debug|Any CPU.ActiveCfg = Debug|Any CPU
		{218D59E4-1A9C-4166-97C7-06C02403F13C}.Debug|Any CPU.Build.0 = Debug|Any CPU
		{218D59E4-1A9C-4166-97C7-06C02403F13C}.Release|Any CPU.ActiveCfg = Release|Any CPU
		{218D59E4-1A9C-4166-97C7-06C02403F13C}.Release|Any CPU.Build.0 = Release|Any CPU
		{751B50D5-BF07-4A6D-ACE7-D7CD009CBF34}.Debug|Any CPU.ActiveCfg = Debug|Any CPU
		{751B50D5-BF07-4A6D-ACE7-D7CD009CBF34}.Debug|Any CPU.Build.0 = Debug|Any CPU
		{751B50D5-BF07-4A6D-ACE7-D7CD009CBF34}.Release|Any CPU.ActiveCfg = Release|Any CPU
		{751B50D5-BF07-4A6D-ACE7-D7CD009CBF34}.Release|Any CPU.Build.0 = Release|Any CPU
		{A8E9766D-8174-4A44-8E3E-44DC0F90CFC7}.Debug|Any CPU.ActiveCfg = Debug|Any CPU
		{A8E9766D-8174-4A44-8E3E-44DC0F90CFC7}.Debug|Any CPU.Build.0 = Debug|Any CPU
		{A8E9766D-8174-4A44-8E3E-44DC0F90CFC7}.Release|Any CPU.ActiveCfg = Release|Any CPU
		{A8E9766D-8174-4A44-8E3E-44DC0F90CFC7}.Release|Any CPU.Build.0 = Release|Any CPU
		{02D5D7AC-60B2-4AFD-9694-F45F78FB3EE6}.Debug|Any CPU.ActiveCfg = Debug|Any CPU
		{02D5D7AC-60B2-4AFD-9694-F45F78FB3EE6}.Debug|Any CPU.Build.0 = Debug|Any CPU
		{02D5D7AC-60B2-4AFD-9694-F45F78FB3EE6}.Release|Any CPU.ActiveCfg = Release|Any CPU
		{02D5D7AC-60B2-4AFD-9694-F45F78FB3EE6}.Release|Any CPU.Build.0 = Release|Any CPU
	EndGlobalSection
	GlobalSection(SolutionProperties) = preSolution
		HideSolutionNode = FALSE
	EndGlobalSection
	GlobalSection(ExtensibilityGlobals) = postSolution
		SolutionGuid = {F2E413C9-E3BE-40D4-8BEB-BBCC3226C9E2}
	EndGlobalSection
EndGlobal
